
Microsoft Visual Studio Solution File, Format Version 12.00
# Visual Studio 14
VisualStudioVersion = 14.0.25420.1
MinimumVisualStudioVersion = 10.0.40219.1
Project("{FAE04EC0-301F-11D3-BF4B-00C04F79EFBC}") = "Mini-Project", "Mini-Project\Mini-Project.csproj", "{6F43BE5A-E826-4807-8615-0B578EE4DDDC}"
EndProject
Project("{FAE04EC0-301F-11D3-BF4B-00C04F79EFBC}") = "HangAMan", "HangAMan\HangAMan.csproj", "{CBF0A412-3C39-4977-9F9F-79CA2915CAAE}"
EndProject
Global
	GlobalSection(SolutionConfigurationPlatforms) = preSolution
		Debug|Any CPU = Debug|Any CPU
		Release|Any CPU = Release|Any CPU
	EndGlobalSection
	GlobalSection(ProjectConfigurationPlatforms) = postSolution
		{6F43BE5A-E826-4807-8615-0B578EE4DDDC}.Debug|Any CPU.ActiveCfg = Debug|Any CPU
		{6F43BE5A-E826-4807-8615-0B578EE4DDDC}.Debug|Any CPU.Build.0 = Debug|Any CPU
		{6F43BE5A-E826-4807-8615-0B578EE4DDDC}.Release|Any CPU.ActiveCfg = Release|Any CPU
		{6F43BE5A-E826-4807-8615-0B578EE4DDDC}.Release|Any CPU.Build.0 = Release|Any CPU
		{CBF0A412-3C39-4977-9F9F-79CA2915CAAE}.Debug|Any CPU.ActiveCfg = Debug|Any CPU
		{CBF0A412-3C39-4977-9F9F-79CA2915CAAE}.Debug|Any CPU.Build.0 = Debug|Any CPU
		{CBF0A412-3C39-4977-9F9F-79CA2915CAAE}.Release|Any CPU.ActiveCfg = Release|Any CPU
		{CBF0A412-3C39-4977-9F9F-79CA2915CAAE}.Release|Any CPU.Build.0 = Release|Any CPU
	EndGlobalSection
	GlobalSection(SolutionProperties) = preSolution
		HideSolutionNode = FALSE
	EndGlobalSection
EndGlobal
